
Microsoft Visual Studio Solution File, Format Version 12.00
# Visual Studio Version 16
VisualStudioVersion = 16.0.31025.194
MinimumVisualStudioVersion = 10.0.40219.1
Project("{FAE04EC0-301F-11D3-BF4B-00C04F79EFBC}") = "BP.Api", "BP.Api\BP.Api.csproj", "{159D5D6F-F85B-4722-AE6B-0ACD23066C3C}"
EndProject
Project("{FAE04EC0-301F-11D3-BF4B-00C04F79EFBC}") = "BP.Api.Models", "BP.Api.Models\BP.Api.Models.csproj", "{B78B5779-9DB3-4A29-85A8-8F507790FB99}"
EndProject
Project("{FAE04EC0-301F-11D3-BF4B-00C04F79EFBC}") = "BP.Api.Data.Models", "BP.Api.Data.Models\BP.Api.Data.Models.csproj", "{0A94D85D-FEB0-4E34-9BB7-ED6A72F531F5}"
EndProject
Project("{FAE04EC0-301F-11D3-BF4B-00C04F79EFBC}") = "BP.Api.Service", "BP.Api.Service\BP.Api.Service.csproj", "{3784DFFE-9017-4568-A74C-C55F5BE0F506}"
EndProject
Project("{FAE04EC0-301F-11D3-BF4B-00C04F79EFBC}") = "BP.Api.Data.Service", "BP.Api.Data.Service\BP.Api.Data.Service.csproj", "{AE1A2426-D4DA-4BFD-B2B0-D007407D5430}"
EndProject
Global
	GlobalSection(SolutionConfigurationPlatforms) = preSolution
		Debug|Any CPU = Debug|Any CPU
		Release|Any CPU = Release|Any CPU
	EndGlobalSection
	GlobalSection(ProjectConfigurationPlatforms) = postSolution
		{159D5D6F-F85B-4722-AE6B-0ACD23066C3C}.Debug|Any CPU.ActiveCfg = Debug|Any CPU
		{159D5D6F-F85B-4722-AE6B-0ACD23066C3C}.Debug|Any CPU.Build.0 = Debug|Any CPU
		{159D5D6F-F85B-4722-AE6B-0ACD23066C3C}.Release|Any CPU.ActiveCfg = Release|Any CPU
		{159D5D6F-F85B-4722-AE6B-0ACD23066C3C}.Release|Any CPU.Build.0 = Release|Any CPU
		{B78B5779-9DB3-4A29-85A8-8F507790FB99}.Debug|Any CPU.ActiveCfg = Debug|Any CPU
		{B78B5779-9DB3-4A29-85A8-8F507790FB99}.Debug|Any CPU.Build.0 = Debug|Any CPU
		{B78B5779-9DB3-4A29-85A8-8F507790FB99}.Release|Any CPU.ActiveCfg = Release|Any CPU
		{B78B5779-9DB3-4A29-85A8-8F507790FB99}.Release|Any CPU.Build.0 = Release|Any CPU
		{0A94D85D-FEB0-4E34-9BB7-ED6A72F531F5}.Debug|Any CPU.ActiveCfg = Debug|Any CPU
		{0A94D85D-FEB0-4E34-9BB7-ED6A72F531F5}.Debug|Any CPU.Build.0 = Debug|Any CPU
		{0A94D85D-FEB0-4E34-9BB7-ED6A72F531F5}.Release|Any CPU.ActiveCfg = Release|Any CPU
		{0A94D85D-FEB0-4E34-9BB7-ED6A72F531F5}.Release|Any CPU.Build.0 = Release|Any CPU
		{3784DFFE-9017-4568-A74C-C55F5BE0F506}.Debug|Any CPU.ActiveCfg = Debug|Any CPU
		{3784DFFE-9017-4568-A74C-C55F5BE0F506}.Debug|Any CPU.Build.0 = Debug|Any CPU
		{3784DFFE-9017-4568-A74C-C55F5BE0F506}.Release|Any CPU.ActiveCfg = Release|Any CPU
		{3784DFFE-9017-4568-A74C-C55F5BE0F506}.Release|Any CPU.Build.0 = Release|Any CPU
		{AE1A2426-D4DA-4BFD-B2B0-D007407D5430}.Debug|Any CPU.ActiveCfg = Debug|Any CPU
		{AE1A2426-D4DA-4BFD-B2B0-D007407D5430}.Debug|Any CPU.Build.0 = Debug|Any CPU
		{AE1A2426-D4DA-4BFD-B2B0-D007407D5430}.Release|Any CPU.ActiveCfg = Release|Any CPU
		{AE1A2426-D4DA-4BFD-B2B0-D007407D5430}.Release|Any CPU.Build.0 = Release|Any CPU
	EndGlobalSection
	GlobalSection(SolutionProperties) = preSolution
		HideSolutionNode = FALSE
	EndGlobalSection
	GlobalSection(ExtensibilityGlobals) = postSolution
		SolutionGuid = {5509C53B-F81A-48AF-9975-BC16DE32C851}
	EndGlobalSection
EndGlobal
